// !$*UTF8*$!
{
	archiveVersion = 1;
	classes = {
	};
	objectVersion = 54;
	objects = {

/* Begin PBXBuildFile section */
		7467A3C22959CF18007B4F45 /* AppDelegate.swift in Sources */ = {isa = PBXBuildFile; fileRef = 7467A3C12959CF18007B4F45 /* AppDelegate.swift */; };
		7467A3C42959CF18007B4F45 /* SceneDelegate.swift in Sources */ = {isa = PBXBuildFile; fileRef = 7467A3C32959CF18007B4F45 /* SceneDelegate.swift */; };
		7467A3C62959CF18007B4F45 /* ViewController.swift in Sources */ = {isa = PBXBuildFile; fileRef = 7467A3C52959CF18007B4F45 /* ViewController.swift */; };
		7467A3C92959CF18007B4F45 /* Main.storyboard in Resources */ = {isa = PBXBuildFile; fileRef = 7467A3C72959CF18007B4F45 /* Main.storyboard */; };
		7467A3CB2959CF22007B4F45 /* Assets.xcassets in Resources */ = {isa = PBXBuildFile; fileRef = 7467A3CA2959CF22007B4F45 /* Assets.xcassets */; };
		7467A3CE2959CF22007B4F45 /* LaunchScreen.storyboard in Resources */ = {isa = PBXBuildFile; fileRef = 7467A3CC2959CF22007B4F45 /* LaunchScreen.storyboard */; };
		74A7E893295A5F170070C8BB /* LessonServerModel.swift in Sources */ = {isa = PBXBuildFile; fileRef = 74A7E88F295A5F170070C8BB /* LessonServerModel.swift */; };
		74A7E894295A5F170070C8BB /* TeacherModel.swift in Sources */ = {isa = PBXBuildFile; fileRef = 74A7E890295A5F170070C8BB /* TeacherModel.swift */; };
		74A7E895295A5F170070C8BB /* CurriculaServerModel.swift in Sources */ = {isa = PBXBuildFile; fileRef = 74A7E891295A5F170070C8BB /* CurriculaServerModel.swift */; };
		74A7E899295A5FB40070C8BB /* LessonModel.swift in Sources */ = {isa = PBXBuildFile; fileRef = 74A7E898295A5FB40070C8BB /* LessonModel.swift */; };
		74A7E89C295A677E0070C8BB /* Grade+Group.swift in Sources */ = {isa = PBXBuildFile; fileRef = 74A7E89B295A677E0070C8BB /* Grade+Group.swift */; };
		74A7E8CF295B44060070C8BB /* ScheduleViewController.swift in Sources */ = {isa = PBXBuildFile; fileRef = 74A7E8CE295B44060070C8BB /* ScheduleViewController.swift */; };
		74A7E939295B63020070C8BB /* SubjectCollectionCell.swift in Sources */ = {isa = PBXBuildFile; fileRef = 74A7E937295B63020070C8BB /* SubjectCollectionCell.swift */; };
		74A7E93A295B63020070C8BB /* SubjectCollectionCell.xib in Resources */ = {isa = PBXBuildFile; fileRef = 74A7E938295B63020070C8BB /* SubjectCollectionCell.xib */; };
		74A7E944295BADD70070C8BB /* Request.swift in Sources */ = {isa = PBXBuildFile; fileRef = 74A7E940295BADD60070C8BB /* Request.swift */; };
		74A7E945295BADD70070C8BB /* APIClient.swift in Sources */ = {isa = PBXBuildFile; fileRef = 74A7E941295BADD60070C8BB /* APIClient.swift */; };
		74A7E946295BADD70070C8BB /* NetworkError.swift in Sources */ = {isa = PBXBuildFile; fileRef = 74A7E942295BADD70070C8BB /* NetworkError.swift */; };
		74A7E947295BADD70070C8BB /* Response.swift in Sources */ = {isa = PBXBuildFile; fileRef = 74A7E943295BADD70070C8BB /* Response.swift */; };
/* End PBXBuildFile section */

/* Begin PBXFileReference section */
		7467A3BE2959CF18007B4F45 /* MMCS Schedule App-iOS.app */ = {isa = PBXFileReference; explicitFileType = wrapper.application; includeInIndex = 0; path = "MMCS Schedule App-iOS.app"; sourceTree = BUILT_PRODUCTS_DIR; };
		7467A3C12959CF18007B4F45 /* AppDelegate.swift */ = {isa = PBXFileReference; lastKnownFileType = sourcecode.swift; path = AppDelegate.swift; sourceTree = "<group>"; };
		7467A3C32959CF18007B4F45 /* SceneDelegate.swift */ = {isa = PBXFileReference; lastKnownFileType = sourcecode.swift; path = SceneDelegate.swift; sourceTree = "<group>"; };
		7467A3C52959CF18007B4F45 /* ViewController.swift */ = {isa = PBXFileReference; lastKnownFileType = sourcecode.swift; path = ViewController.swift; sourceTree = "<group>"; };
		7467A3C82959CF18007B4F45 /* Base */ = {isa = PBXFileReference; lastKnownFileType = file.storyboard; name = Base; path = Base.lproj/Main.storyboard; sourceTree = "<group>"; };
		7467A3CA2959CF22007B4F45 /* Assets.xcassets */ = {isa = PBXFileReference; lastKnownFileType = folder.assetcatalog; path = Assets.xcassets; sourceTree = "<group>"; };
		7467A3CD2959CF22007B4F45 /* Base */ = {isa = PBXFileReference; lastKnownFileType = file.storyboard; name = Base; path = Base.lproj/LaunchScreen.storyboard; sourceTree = "<group>"; };
		7467A3CF2959CF22007B4F45 /* Info.plist */ = {isa = PBXFileReference; lastKnownFileType = text.plist.xml; path = Info.plist; sourceTree = "<group>"; };
		74A7E88F295A5F170070C8BB /* LessonServerModel.swift */ = {isa = PBXFileReference; fileEncoding = 4; lastKnownFileType = sourcecode.swift; path = LessonServerModel.swift; sourceTree = "<group>"; };
		74A7E890295A5F170070C8BB /* TeacherModel.swift */ = {isa = PBXFileReference; fileEncoding = 4; lastKnownFileType = sourcecode.swift; path = TeacherModel.swift; sourceTree = "<group>"; };
		74A7E891295A5F170070C8BB /* CurriculaServerModel.swift */ = {isa = PBXFileReference; fileEncoding = 4; lastKnownFileType = sourcecode.swift; path = CurriculaServerModel.swift; sourceTree = "<group>"; };
		74A7E898295A5FB40070C8BB /* LessonModel.swift */ = {isa = PBXFileReference; fileEncoding = 4; lastKnownFileType = sourcecode.swift; path = LessonModel.swift; sourceTree = "<group>"; };
		74A7E89B295A677E0070C8BB /* Grade+Group.swift */ = {isa = PBXFileReference; fileEncoding = 4; lastKnownFileType = sourcecode.swift; path = "Grade+Group.swift"; sourceTree = "<group>"; };
		74A7E8CE295B44060070C8BB /* ScheduleViewController.swift */ = {isa = PBXFileReference; lastKnownFileType = sourcecode.swift; path = ScheduleViewController.swift; sourceTree = "<group>"; };
		74A7E937295B63020070C8BB /* SubjectCollectionCell.swift */ = {isa = PBXFileReference; fileEncoding = 4; lastKnownFileType = sourcecode.swift; path = SubjectCollectionCell.swift; sourceTree = "<group>"; };
		74A7E938295B63020070C8BB /* SubjectCollectionCell.xib */ = {isa = PBXFileReference; fileEncoding = 4; lastKnownFileType = file.xib; path = SubjectCollectionCell.xib; sourceTree = "<group>"; };
		74A7E940295BADD60070C8BB /* Request.swift */ = {isa = PBXFileReference; fileEncoding = 4; lastKnownFileType = sourcecode.swift; path = Request.swift; sourceTree = "<group>"; };
		74A7E941295BADD60070C8BB /* APIClient.swift */ = {isa = PBXFileReference; fileEncoding = 4; lastKnownFileType = sourcecode.swift; path = APIClient.swift; sourceTree = "<group>"; };
		74A7E942295BADD70070C8BB /* NetworkError.swift */ = {isa = PBXFileReference; fileEncoding = 4; lastKnownFileType = sourcecode.swift; path = NetworkError.swift; sourceTree = "<group>"; };
		74A7E943295BADD70070C8BB /* Response.swift */ = {isa = PBXFileReference; fileEncoding = 4; lastKnownFileType = sourcecode.swift; path = Response.swift; sourceTree = "<group>"; };
/* End PBXFileReference section */

/* Begin PBXFrameworksBuildPhase section */
		7467A3BB2959CF18007B4F45 /* Frameworks */ = {
			isa = PBXFrameworksBuildPhase;
			buildActionMask = 2147483647;
			files = (
			);
			runOnlyForDeploymentPostprocessing = 0;
		};
/* End PBXFrameworksBuildPhase section */

/* Begin PBXGroup section */
		7467A3B52959CF18007B4F45 = {
			isa = PBXGroup;
			children = (
				7467A3C02959CF18007B4F45 /* MMCS Schedule App-iOS */,
				7467A3BF2959CF18007B4F45 /* Products */,
			);
			sourceTree = "<group>";
		};
		7467A3BF2959CF18007B4F45 /* Products */ = {
			isa = PBXGroup;
			children = (
				7467A3BE2959CF18007B4F45 /* MMCS Schedule App-iOS.app */,
			);
			name = Products;
			sourceTree = "<group>";
		};
		7467A3C02959CF18007B4F45 /* MMCS Schedule App-iOS */ = {
			isa = PBXGroup;
			children = (
				74A7E93F295BADC40070C8BB /* Network */,
				74A7E937295B63020070C8BB /* SubjectCollectionCell.swift */,
				74A7E938295B63020070C8BB /* SubjectCollectionCell.xib */,
				74A7E88D295A5EC80070C8BB /* Models */,
				7467A3C12959CF18007B4F45 /* AppDelegate.swift */,
				7467A3C32959CF18007B4F45 /* SceneDelegate.swift */,
				7467A3C52959CF18007B4F45 /* ViewController.swift */,
				74A7E8CE295B44060070C8BB /* ScheduleViewController.swift */,
				7467A3C72959CF18007B4F45 /* Main.storyboard */,
				7467A3CA2959CF22007B4F45 /* Assets.xcassets */,
				7467A3CC2959CF22007B4F45 /* LaunchScreen.storyboard */,
				7467A3CF2959CF22007B4F45 /* Info.plist */,
			);
			path = "MMCS Schedule App-iOS";
			sourceTree = "<group>";
		};
		74A7E88D295A5EC80070C8BB /* Models */ = {
			isa = PBXGroup;
			children = (
				74A7E898295A5FB40070C8BB /* LessonModel.swift */,
				74A7E891295A5F170070C8BB /* CurriculaServerModel.swift */,
				74A7E88F295A5F170070C8BB /* LessonServerModel.swift */,
				74A7E890295A5F170070C8BB /* TeacherModel.swift */,
				74A7E89B295A677E0070C8BB /* Grade+Group.swift */,
			);
			path = Models;
			sourceTree = "<group>";
		};
		74A7E93F295BADC40070C8BB /* Network */ = {
			isa = PBXGroup;
			children = (
				74A7E941295BADD60070C8BB /* APIClient.swift */,
				74A7E942295BADD70070C8BB /* NetworkError.swift */,
				74A7E940295BADD60070C8BB /* Request.swift */,
				74A7E943295BADD70070C8BB /* Response.swift */,
			);
			path = Network;
			sourceTree = "<group>";
		};
/* End PBXGroup section */

/* Begin PBXNativeTarget section */
		7467A3BD2959CF18007B4F45 /* MMCS Schedule App-iOS */ = {
			isa = PBXNativeTarget;
			buildConfigurationList = 7467A3D22959CF22007B4F45 /* Build configuration list for PBXNativeTarget "MMCS Schedule App-iOS" */;
			buildPhases = (
				7467A3BA2959CF18007B4F45 /* Sources */,
				7467A3BB2959CF18007B4F45 /* Frameworks */,
				7467A3BC2959CF18007B4F45 /* Resources */,
			);
			buildRules = (
			);
			dependencies = (
			);
			name = "MMCS Schedule App-iOS";
			productName = "MMCS Schedule App-iOS";
			productReference = 7467A3BE2959CF18007B4F45 /* MMCS Schedule App-iOS.app */;
			productType = "com.apple.product-type.application";
		};
/* End PBXNativeTarget section */

/* Begin PBXProject section */
		7467A3B62959CF18007B4F45 /* Project object */ = {
			isa = PBXProject;
			attributes = {
				LastSwiftUpdateCheck = 1240;
				LastUpgradeCheck = 1240;
				TargetAttributes = {
					7467A3BD2959CF18007B4F45 = {
						CreatedOnToolsVersion = 12.4;
					};
				};
			};
			buildConfigurationList = 7467A3B92959CF18007B4F45 /* Build configuration list for PBXProject "MMCS Schedule App-iOS" */;
			compatibilityVersion = "Xcode 12.0";
			developmentRegion = en;
			hasScannedForEncodings = 0;
			knownRegions = (
				en,
				Base,
			);
			mainGroup = 7467A3B52959CF18007B4F45;
			productRefGroup = 7467A3BF2959CF18007B4F45 /* Products */;
			projectDirPath = "";
			projectRoot = "";
			targets = (
				7467A3BD2959CF18007B4F45 /* MMCS Schedule App-iOS */,
			);
		};
/* End PBXProject section */

/* Begin PBXResourcesBuildPhase section */
		7467A3BC2959CF18007B4F45 /* Resources */ = {
			isa = PBXResourcesBuildPhase;
			buildActionMask = 2147483647;
			files = (
				7467A3CE2959CF22007B4F45 /* LaunchScreen.storyboard in Resources */,
				7467A3CB2959CF22007B4F45 /* Assets.xcassets in Resources */,
				74A7E93A295B63020070C8BB /* SubjectCollectionCell.xib in Resources */,
				7467A3C92959CF18007B4F45 /* Main.storyboard in Resources */,
			);
			runOnlyForDeploymentPostprocessing = 0;
		};
/* End PBXResourcesBuildPhase section */

/* Begin PBXSourcesBuildPhase section */
		7467A3BA2959CF18007B4F45 /* Sources */ = {
			isa = PBXSourcesBuildPhase;
			buildActionMask = 2147483647;
			files = (
				74A7E894295A5F170070C8BB /* TeacherModel.swift in Sources */,
				74A7E899295A5FB40070C8BB /* LessonModel.swift in Sources */,
				74A7E939295B63020070C8BB /* SubjectCollectionCell.swift in Sources */,
				74A7E89C295A677E0070C8BB /* Grade+Group.swift in Sources */,
				74A7E944295BADD70070C8BB /* Request.swift in Sources */,
				74A7E8CF295B44060070C8BB /* ScheduleViewController.swift in Sources */,
				74A7E947295BADD70070C8BB /* Response.swift in Sources */,
				7467A3C62959CF18007B4F45 /* ViewController.swift in Sources */,
				7467A3C22959CF18007B4F45 /* AppDelegate.swift in Sources */,
				74A7E895295A5F170070C8BB /* CurriculaServerModel.swift in Sources */,
				74A7E893295A5F170070C8BB /* LessonServerModel.swift in Sources */,
				74A7E946295BADD70070C8BB /* NetworkError.swift in Sources */,
				7467A3C42959CF18007B4F45 /* SceneDelegate.swift in Sources */,
				74A7E945295BADD70070C8BB /* APIClient.swift in Sources */,
			);
			runOnlyForDeploymentPostprocessing = 0;
		};
/* End PBXSourcesBuildPhase section */

/* Begin PBXVariantGroup section */
		7467A3C72959CF18007B4F45 /* Main.storyboard */ = {
			isa = PBXVariantGroup;
			children = (
				7467A3C82959CF18007B4F45 /* Base */,
			);
			name = Main.storyboard;
			sourceTree = "<group>";
		};
		7467A3CC2959CF22007B4F45 /* LaunchScreen.storyboard */ = {
			isa = PBXVariantGroup;
			children = (
				7467A3CD2959CF22007B4F45 /* Base */,
			);
			name = LaunchScreen.storyboard;
			sourceTree = "<group>";
		};
/* End PBXVariantGroup section */

/* Begin XCBuildConfiguration section */
		7467A3D02959CF22007B4F45 /* Debug */ = {
			isa = XCBuildConfiguration;
			buildSettings = {
				ALWAYS_SEARCH_USER_PATHS = NO;
				CLANG_ANALYZER_NONNULL = YES;
				CLANG_ANALYZER_NUMBER_OBJECT_CONVERSION = YES_AGGRESSIVE;
				CLANG_CXX_LANGUAGE_STANDARD = "gnu++14";
				CLANG_CXX_LIBRARY = "libc++";
				CLANG_ENABLE_MODULES = YES;
				CLANG_ENABLE_OBJC_ARC = YES;
				CLANG_ENABLE_OBJC_WEAK = YES;
				CLANG_WARN_BLOCK_CAPTURE_AUTORELEASING = YES;
				CLANG_WARN_BOOL_CONVERSION = YES;
				CLANG_WARN_COMMA = YES;
				CLANG_WARN_CONSTANT_CONVERSION = YES;
				CLANG_WARN_DEPRECATED_OBJC_IMPLEMENTATIONS = YES;
				CLANG_WARN_DIRECT_OBJC_ISA_USAGE = YES_ERROR;
				CLANG_WARN_DOCUMENTATION_COMMENTS = YES;
				CLANG_WARN_EMPTY_BODY = YES;
				CLANG_WARN_ENUM_CONVERSION = YES;
				CLANG_WARN_INFINITE_RECURSION = YES;
				CLANG_WARN_INT_CONVERSION = YES;
				CLANG_WARN_NON_LITERAL_NULL_CONVERSION = YES;
				CLANG_WARN_OBJC_IMPLICIT_RETAIN_SELF = YES;
				CLANG_WARN_OBJC_LITERAL_CONVERSION = YES;
				CLANG_WARN_OBJC_ROOT_CLASS = YES_ERROR;
				CLANG_WARN_QUOTED_INCLUDE_IN_FRAMEWORK_HEADER = YES;
				CLANG_WARN_RANGE_LOOP_ANALYSIS = YES;
				CLANG_WARN_STRICT_PROTOTYPES = YES;
				CLANG_WARN_SUSPICIOUS_MOVE = YES;
				CLANG_WARN_UNGUARDED_AVAILABILITY = YES_AGGRESSIVE;
				CLANG_WARN_UNREACHABLE_CODE = YES;
				CLANG_WARN__DUPLICATE_METHOD_MATCH = YES;
				COPY_PHASE_STRIP = NO;
				DEBUG_INFORMATION_FORMAT = dwarf;
				ENABLE_STRICT_OBJC_MSGSEND = YES;
				ENABLE_TESTABILITY = YES;
				GCC_C_LANGUAGE_STANDARD = gnu11;
				GCC_DYNAMIC_NO_PIC = NO;
				GCC_NO_COMMON_BLOCKS = YES;
				GCC_OPTIMIZATION_LEVEL = 0;
				GCC_PREPROCESSOR_DEFINITIONS = (
					"DEBUG=1",
					"$(inherited)",
				);
				GCC_WARN_64_TO_32_BIT_CONVERSION = YES;
				GCC_WARN_ABOUT_RETURN_TYPE = YES_ERROR;
				GCC_WARN_UNDECLARED_SELECTOR = YES;
				GCC_WARN_UNINITIALIZED_AUTOS = YES_AGGRESSIVE;
				GCC_WARN_UNUSED_FUNCTION = YES;
				GCC_WARN_UNUSED_VARIABLE = YES;
				IPHONEOS_DEPLOYMENT_TARGET = 14.4;
				MTL_ENABLE_DEBUG_INFO = INCLUDE_SOURCE;
				MTL_FAST_MATH = YES;
				ONLY_ACTIVE_ARCH = YES;
				SDKROOT = iphoneos;
				SWIFT_ACTIVE_COMPILATION_CONDITIONS = DEBUG;
				SWIFT_OPTIMIZATION_LEVEL = "-Onone";
			};
			name = Debug;
		};
		7467A3D12959CF22007B4F45 /* Release */ = {
			isa = XCBuildConfiguration;
			buildSettings = {
				ALWAYS_SEARCH_USER_PATHS = NO;
				CLANG_ANALYZER_NONNULL = YES;
				CLANG_ANALYZER_NUMBER_OBJECT_CONVERSION = YES_AGGRESSIVE;
				CLANG_CXX_LANGUAGE_STANDARD = "gnu++14";
				CLANG_CXX_LIBRARY = "libc++";
				CLANG_ENABLE_MODULES = YES;
				CLANG_ENABLE_OBJC_ARC = YES;
				CLANG_ENABLE_OBJC_WEAK = YES;
				CLANG_WARN_BLOCK_CAPTURE_AUTORELEASING = YES;
				CLANG_WARN_BOOL_CONVERSION = YES;
				CLANG_WARN_COMMA = YES;
				CLANG_WARN_CONSTANT_CONVERSION = YES;
				CLANG_WARN_DEPRECATED_OBJC_IMPLEMENTATIONS = YES;
				CLANG_WARN_DIRECT_OBJC_ISA_USAGE = YES_ERROR;
				CLANG_WARN_DOCUMENTATION_COMMENTS = YES;
				CLANG_WARN_EMPTY_BODY = YES;
				CLANG_WARN_ENUM_CONVERSION = YES;
				CLANG_WARN_INFINITE_RECURSION = YES;
				CLANG_WARN_INT_CONVERSION = YES;
				CLANG_WARN_NON_LITERAL_NULL_CONVERSION = YES;
				CLANG_WARN_OBJC_IMPLICIT_RETAIN_SELF = YES;
				CLANG_WARN_OBJC_LITERAL_CONVERSION = YES;
				CLANG_WARN_OBJC_ROOT_CLASS = YES_ERROR;
				CLANG_WARN_QUOTED_INCLUDE_IN_FRAMEWORK_HEADER = YES;
				CLANG_WARN_RANGE_LOOP_ANALYSIS = YES;
				CLANG_WARN_STRICT_PROTOTYPES = YES;
				CLANG_WARN_SUSPICIOUS_MOVE = YES;
				CLANG_WARN_UNGUARDED_AVAILABILITY = YES_AGGRESSIVE;
				CLANG_WARN_UNREACHABLE_CODE = YES;
				CLANG_WARN__DUPLICATE_METHOD_MATCH = YES;
				COPY_PHASE_STRIP = NO;
				DEBUG_INFORMATION_FORMAT = "dwarf-with-dsym";
				ENABLE_NS_ASSERTIONS = NO;
				ENABLE_STRICT_OBJC_MSGSEND = YES;
				GCC_C_LANGUAGE_STANDARD = gnu11;
				GCC_NO_COMMON_BLOCKS = YES;
				GCC_WARN_64_TO_32_BIT_CONVERSION = YES;
				GCC_WARN_ABOUT_RETURN_TYPE = YES_ERROR;
				GCC_WARN_UNDECLARED_SELECTOR = YES;
				GCC_WARN_UNINITIALIZED_AUTOS = YES_AGGRESSIVE;
				GCC_WARN_UNUSED_FUNCTION = YES;
				GCC_WARN_UNUSED_VARIABLE = YES;
				IPHONEOS_DEPLOYMENT_TARGET = 14.4;
				MTL_ENABLE_DEBUG_INFO = NO;
				MTL_FAST_MATH = YES;
				SDKROOT = iphoneos;
				SWIFT_COMPILATION_MODE = wholemodule;
				SWIFT_OPTIMIZATION_LEVEL = "-O";
				VALIDATE_PRODUCT = YES;
			};
			name = Release;
		};
		7467A3D32959CF22007B4F45 /* Debug */ = {
			isa = XCBuildConfiguration;
			buildSettings = {
				ASSETCATALOG_COMPILER_APPICON_NAME = AppIcon;
				ASSETCATALOG_COMPILER_GLOBAL_ACCENT_COLOR_NAME = AccentColor;
				CODE_SIGN_STYLE = Automatic;
				DEVELOPMENT_TEAM = 84LQ3B37P5;
				INFOPLIST_FILE = "MMCS Schedule App-iOS/Info.plist";
				IPHONEOS_DEPLOYMENT_TARGET = 13.0;
				LD_RUNPATH_SEARCH_PATHS = (
					"$(inherited)",
					"@executable_path/Frameworks",
				);
				PRODUCT_BUNDLE_IDENTIFIER = "ru.mihaxxx.MMCS-Schedule-App-iOS";
				PRODUCT_NAME = "$(TARGET_NAME)";
				SWIFT_VERSION = 5.0;
				TARGETED_DEVICE_FAMILY = "1,2";
			};
			name = Debug;
		};
		7467A3D42959CF22007B4F45 /* Release */ = {
			isa = XCBuildConfiguration;
			buildSettings = {
				ASSETCATALOG_COMPILER_APPICON_NAME = AppIcon;
				ASSETCATALOG_COMPILER_GLOBAL_ACCENT_COLOR_NAME = AccentColor;
				CODE_SIGN_STYLE = Automatic;
				DEVELOPMENT_TEAM = 84LQ3B37P5;
				INFOPLIST_FILE = "MMCS Schedule App-iOS/Info.plist";
				IPHONEOS_DEPLOYMENT_TARGET = 13.0;
				LD_RUNPATH_SEARCH_PATHS = (
					"$(inherited)",
					"@executable_path/Frameworks",
				);
				PRODUCT_BUNDLE_IDENTIFIER = "ru.mihaxxx.MMCS-Schedule-App-iOS";
				PRODUCT_NAME = "$(TARGET_NAME)";
				SWIFT_VERSION = 5.0;
				TARGETED_DEVICE_FAMILY = "1,2";
			};
			name = Release;
		};
/* End XCBuildConfiguration section */

/* Begin XCConfigurationList section */
		7467A3B92959CF18007B4F45 /* Build configuration list for PBXProject "MMCS Schedule App-iOS" */ = {
			isa = XCConfigurationList;
			buildConfigurations = (
				7467A3D02959CF22007B4F45 /* Debug */,
				7467A3D12959CF22007B4F45 /* Release */,
			);
			defaultConfigurationIsVisible = 0;
			defaultConfigurationName = Release;
		};
		7467A3D22959CF22007B4F45 /* Build configuration list for PBXNativeTarget "MMCS Schedule App-iOS" */ = {
			isa = XCConfigurationList;
			buildConfigurations = (
				7467A3D32959CF22007B4F45 /* Debug */,
				7467A3D42959CF22007B4F45 /* Release */,
			);
			defaultConfigurationIsVisible = 0;
			defaultConfigurationName = Release;
		};
/* End XCConfigurationList section */
	};
	rootObject = 7467A3B62959CF18007B4F45 /* Project object */;
}
